
Microsoft Visual Studio Solution File, Format Version 12.00
# Visual Studio 15
VisualStudioVersion = 15.0.28307.645
MinimumVisualStudioVersion = 10.0.40219.1
Project("{FAE04EC0-301F-11D3-BF4B-00C04F79EFBC}") = "Shibativity", "Shibativity\Shibativity.csproj", "{569E9129-B308-47D0-9538-390EF69BB4F0}"
EndProject
Project("{FAE04EC0-301F-11D3-BF4B-00C04F79EFBC}") = "Shibativity.Agent", "Shibativity.Agent\Shibativity.Agent.csproj", "{03A71AA3-4322-4C8B-9B10-7596CF2260D0}"
EndProject
Project("{FAE04EC0-301F-11D3-BF4B-00C04F79EFBC}") = "Shibativity.CustomPage", "Shibativity.CustomPage\Shibativity.CustomPage.csproj", "{450B7E1E-7B08-4367-88E4-E2B9E94E87FD}"
EndProject
Project("{FAE04EC0-301F-11D3-BF4B-00C04F79EFBC}") = "Shibativity.EventHandlers", "Shibativity.EventHandlers\Shibativity.EventHandlers.csproj", "{7B919AEA-E0D3-4E56-9022-D1438D1893B0}"
EndProject
Project("{FAE04EC0-301F-11D3-BF4B-00C04F79EFBC}") = "Shibativity.Helpers", "Shibativity.Helpers\Shibativity.Helpers.csproj", "{2DC0C91F-E287-48B1-B9E6-A434C0D51842}"
EndProject
Global
	GlobalSection(SolutionConfigurationPlatforms) = preSolution
		Debug|Any CPU = Debug|Any CPU
		Release|Any CPU = Release|Any CPU
	EndGlobalSection
	GlobalSection(ProjectConfigurationPlatforms) = postSolution
		{569E9129-B308-47D0-9538-390EF69BB4F0}.Debug|Any CPU.ActiveCfg = Debug|Any CPU
		{569E9129-B308-47D0-9538-390EF69BB4F0}.Debug|Any CPU.Build.0 = Debug|Any CPU
		{569E9129-B308-47D0-9538-390EF69BB4F0}.Release|Any CPU.ActiveCfg = Release|Any CPU
		{569E9129-B308-47D0-9538-390EF69BB4F0}.Release|Any CPU.Build.0 = Release|Any CPU
		{03A71AA3-4322-4C8B-9B10-7596CF2260D0}.Debug|Any CPU.ActiveCfg = Debug|Any CPU
		{03A71AA3-4322-4C8B-9B10-7596CF2260D0}.Debug|Any CPU.Build.0 = Debug|Any CPU
		{03A71AA3-4322-4C8B-9B10-7596CF2260D0}.Release|Any CPU.ActiveCfg = Release|Any CPU
		{03A71AA3-4322-4C8B-9B10-7596CF2260D0}.Release|Any CPU.Build.0 = Release|Any CPU
		{450B7E1E-7B08-4367-88E4-E2B9E94E87FD}.Debug|Any CPU.ActiveCfg = Debug|Any CPU
		{450B7E1E-7B08-4367-88E4-E2B9E94E87FD}.Debug|Any CPU.Build.0 = Debug|Any CPU
		{450B7E1E-7B08-4367-88E4-E2B9E94E87FD}.Release|Any CPU.ActiveCfg = Release|Any CPU
		{450B7E1E-7B08-4367-88E4-E2B9E94E87FD}.Release|Any CPU.Build.0 = Release|Any CPU
		{7B919AEA-E0D3-4E56-9022-D1438D1893B0}.Debug|Any CPU.ActiveCfg = Debug|Any CPU
		{7B919AEA-E0D3-4E56-9022-D1438D1893B0}.Debug|Any CPU.Build.0 = Debug|Any CPU
		{7B919AEA-E0D3-4E56-9022-D1438D1893B0}.Release|Any CPU.ActiveCfg = Release|Any CPU
		{7B919AEA-E0D3-4E56-9022-D1438D1893B0}.Release|Any CPU.Build.0 = Release|Any CPU
		{2DC0C91F-E287-48B1-B9E6-A434C0D51842}.Debug|Any CPU.ActiveCfg = Debug|Any CPU
		{2DC0C91F-E287-48B1-B9E6-A434C0D51842}.Debug|Any CPU.Build.0 = Debug|Any CPU
		{2DC0C91F-E287-48B1-B9E6-A434C0D51842}.Release|Any CPU.ActiveCfg = Release|Any CPU
		{2DC0C91F-E287-48B1-B9E6-A434C0D51842}.Release|Any CPU.Build.0 = Release|Any CPU
	EndGlobalSection
	GlobalSection(SolutionProperties) = preSolution
		HideSolutionNode = FALSE
	EndGlobalSection
	GlobalSection(ExtensibilityGlobals) = postSolution
		SolutionGuid = {CD4DD24D-7B7F-40F3-8B0B-2AD21E5F4146}
	EndGlobalSection
EndGlobal
